
Microsoft Visual Studio Solution File, Format Version 12.00
# Visual Studio Version 16
VisualStudioVersion = 16.0.30804.86
MinimumVisualStudioVersion = 10.0.40219.1
Project("{FAE04EC0-301F-11D3-BF4B-00C04F79EFBC}") = "DataTypeSet", "DataTypeSet\DataTypeSet.csproj", "{22093B02-1F23-44B3-BC2F-D2673E2C7D75}"
EndProject
Project("{FAE04EC0-301F-11D3-BF4B-00C04F79EFBC}") = "DataSet", "DataSet\DataSet.csproj", "{2E2576BE-5911-4FD2-BEA1-32447BEA078F}"
EndProject
Global
	GlobalSection(SolutionConfigurationPlatforms) = preSolution
		Debug|Any CPU = Debug|Any CPU
		Release|Any CPU = Release|Any CPU
	EndGlobalSection
	GlobalSection(ProjectConfigurationPlatforms) = postSolution
		{22093B02-1F23-44B3-BC2F-D2673E2C7D75}.Debug|Any CPU.ActiveCfg = Debug|Any CPU
		{22093B02-1F23-44B3-BC2F-D2673E2C7D75}.Debug|Any CPU.Build.0 = Debug|Any CPU
		{22093B02-1F23-44B3-BC2F-D2673E2C7D75}.Release|Any CPU.ActiveCfg = Release|Any CPU
		{22093B02-1F23-44B3-BC2F-D2673E2C7D75}.Release|Any CPU.Build.0 = Release|Any CPU
		{2E2576BE-5911-4FD2-BEA1-32447BEA078F}.Debug|Any CPU.ActiveCfg = Debug|Any CPU
		{2E2576BE-5911-4FD2-BEA1-32447BEA078F}.Debug|Any CPU.Build.0 = Debug|Any CPU
		{2E2576BE-5911-4FD2-BEA1-32447BEA078F}.Release|Any CPU.ActiveCfg = Release|Any CPU
		{2E2576BE-5911-4FD2-BEA1-32447BEA078F}.Release|Any CPU.Build.0 = Release|Any CPU
	EndGlobalSection
	GlobalSection(SolutionProperties) = preSolution
		HideSolutionNode = FALSE
	EndGlobalSection
	GlobalSection(ExtensibilityGlobals) = postSolution
		SolutionGuid = {B00DFBA0-0E1A-424A-8CF0-7DA1E906E9F4}
	EndGlobalSection
EndGlobal
