
Microsoft Visual Studio Solution File, Format Version 12.00
# Visual Studio Version 16
VisualStudioVersion = 16.0.30804.86
MinimumVisualStudioVersion = 10.0.40219.1
Project("{FAE04EC0-301F-11D3-BF4B-00C04F79EFBC}") = "DataReader", "DataReader\DataReader.csproj", "{F052965F-0B3C-4A86-A15B-97A1B4D50940}"
EndProject
Project("{FAE04EC0-301F-11D3-BF4B-00C04F79EFBC}") = "DataReader2", "..\DataReader2\DataReader2.csproj", "{2FAAD5D1-B19B-438A-AD4B-D70778354546}"
EndProject
Global
	GlobalSection(SolutionConfigurationPlatforms) = preSolution
		Debug|Any CPU = Debug|Any CPU
		Release|Any CPU = Release|Any CPU
	EndGlobalSection
	GlobalSection(ProjectConfigurationPlatforms) = postSolution
		{F052965F-0B3C-4A86-A15B-97A1B4D50940}.Debug|Any CPU.ActiveCfg = Debug|Any CPU
		{F052965F-0B3C-4A86-A15B-97A1B4D50940}.Debug|Any CPU.Build.0 = Debug|Any CPU
		{F052965F-0B3C-4A86-A15B-97A1B4D50940}.Release|Any CPU.ActiveCfg = Release|Any CPU
		{F052965F-0B3C-4A86-A15B-97A1B4D50940}.Release|Any CPU.Build.0 = Release|Any CPU
		{2FAAD5D1-B19B-438A-AD4B-D70778354546}.Debug|Any CPU.ActiveCfg = Debug|Any CPU
		{2FAAD5D1-B19B-438A-AD4B-D70778354546}.Debug|Any CPU.Build.0 = Debug|Any CPU
		{2FAAD5D1-B19B-438A-AD4B-D70778354546}.Release|Any CPU.ActiveCfg = Release|Any CPU
		{2FAAD5D1-B19B-438A-AD4B-D70778354546}.Release|Any CPU.Build.0 = Release|Any CPU
	EndGlobalSection
	GlobalSection(SolutionProperties) = preSolution
		HideSolutionNode = FALSE
	EndGlobalSection
	GlobalSection(ExtensibilityGlobals) = postSolution
		SolutionGuid = {46CEF311-0CF4-42D3-92E1-6AFF34891EC1}
	EndGlobalSection
EndGlobal
