
Microsoft Visual Studio Solution File, Format Version 12.00
# Visual Studio Version 16
VisualStudioVersion = 16.0.30717.126
MinimumVisualStudioVersion = 10.0.40219.1
Project("{FAE04EC0-301F-11D3-BF4B-00C04F79EFBC}") = "ClassRefrence", "ClassRefrence.csproj", "{450B36E3-D967-41EB-9BF3-5C2CDDFD2687}"
EndProject
Project("{FAE04EC0-301F-11D3-BF4B-00C04F79EFBC}") = "InterfacesInheritance", "..\InterfacesInheritance\InterfacesInheritance.csproj", "{4C32ECFA-6A07-499C-A02B-5997DE8BC56A}"
EndProject
Global
	GlobalSection(SolutionConfigurationPlatforms) = preSolution
		Debug|Any CPU = Debug|Any CPU
		Release|Any CPU = Release|Any CPU
	EndGlobalSection
	GlobalSection(ProjectConfigurationPlatforms) = postSolution
		{450B36E3-D967-41EB-9BF3-5C2CDDFD2687}.Debug|Any CPU.ActiveCfg = Debug|Any CPU
		{450B36E3-D967-41EB-9BF3-5C2CDDFD2687}.Debug|Any CPU.Build.0 = Debug|Any CPU
		{450B36E3-D967-41EB-9BF3-5C2CDDFD2687}.Release|Any CPU.ActiveCfg = Release|Any CPU
		{450B36E3-D967-41EB-9BF3-5C2CDDFD2687}.Release|Any CPU.Build.0 = Release|Any CPU
		{4C32ECFA-6A07-499C-A02B-5997DE8BC56A}.Debug|Any CPU.ActiveCfg = Debug|Any CPU
		{4C32ECFA-6A07-499C-A02B-5997DE8BC56A}.Debug|Any CPU.Build.0 = Debug|Any CPU
		{4C32ECFA-6A07-499C-A02B-5997DE8BC56A}.Release|Any CPU.ActiveCfg = Release|Any CPU
		{4C32ECFA-6A07-499C-A02B-5997DE8BC56A}.Release|Any CPU.Build.0 = Release|Any CPU
	EndGlobalSection
	GlobalSection(SolutionProperties) = preSolution
		HideSolutionNode = FALSE
	EndGlobalSection
	GlobalSection(ExtensibilityGlobals) = postSolution
		SolutionGuid = {F46C3BC7-37FC-4F71-B6D2-CD5BA601DE45}
	EndGlobalSection
EndGlobal
